
Microsoft Visual Studio Solution File, Format Version 12.00
# Visual Studio Version 17
VisualStudioVersion = 17.0.31903.59
MinimumVisualStudioVersion = 10.0.40219.1
Project("{FAE04EC0-301F-11D3-BF4B-00C04F79EFBC}") = "ABCRetailers", "ABCRetailers.csproj", "{6FB01EEE-0215-4DBF-ADF4-8025F22F5E7B}"
EndProject
Project("{FAE04EC0-301F-11D3-BF4B-00C04F79EFBC}") = "ABCRetailers.Functions", "ABCRetailers.Functions\ABCRetailers.Functions.csproj", "{DDB812AF-2464-40FE-ADD8-F68A44703EED}"
EndProject
Global
	GlobalSection(SolutionConfigurationPlatforms) = preSolution
		Debug|Any CPU = Debug|Any CPU
		Release|Any CPU = Release|Any CPU
	EndGlobalSection
	GlobalSection(SolutionProperties) = preSolution
		HideSolutionNode = FALSE
	EndGlobalSection
	GlobalSection(ProjectConfigurationPlatforms) = postSolution
		{6FB01EEE-0215-4DBF-ADF4-8025F22F5E7B}.Debug|Any CPU.ActiveCfg = Debug|Any CPU
		{6FB01EEE-0215-4DBF-ADF4-8025F22F5E7B}.Debug|Any CPU.Build.0 = Debug|Any CPU
		{6FB01EEE-0215-4DBF-ADF4-8025F22F5E7B}.Release|Any CPU.ActiveCfg = Release|Any CPU
		{6FB01EEE-0215-4DBF-ADF4-8025F22F5E7B}.Release|Any CPU.Build.0 = Release|Any CPU
		{DDB812AF-2464-40FE-ADD8-F68A44703EED}.Debug|Any CPU.ActiveCfg = Debug|Any CPU
		{DDB812AF-2464-40FE-ADD8-F68A44703EED}.Debug|Any CPU.Build.0 = Debug|Any CPU
		{DDB812AF-2464-40FE-ADD8-F68A44703EED}.Release|Any CPU.ActiveCfg = Release|Any CPU
		{DDB812AF-2464-40FE-ADD8-F68A44703EED}.Release|Any CPU.Build.0 = Release|Any CPU
	EndGlobalSection
EndGlobal
